{
  "requires": true,
  "lockfileVersion": 1,
  "dependencies": {
    "@types/angular": {
      "version": "1.8.2",
      "resolved": "https://registry.npmjs.org/@types/angular/-/angular-1.8.2.tgz",
      "integrity": "sha512-V0Hgx2Q3wFNcrrmx8zVepdasDuwnK4lqQFe0Zr9Ll3DoTJIuhKOpyfHC6KuVDBXJGgTkMKtELbvDe9crIkSGzg==",
      "dev": true
    }
  }
}
